
Microsoft Visual Studio Solution File, Format Version 12.00
# Visual Studio Version 17
VisualStudioVersion = 17.4.33205.214
MinimumVisualStudioVersion = 10.0.40219.1
Project("{FAE04EC0-301F-11D3-BF4B-00C04F79EFBC}") = "WinFormsApp1", "WinFormsApp1\WinFormsApp1.csproj", "{0C7D899A-5586-4C65-8C72-C0980537294A}"
EndProject
Global
	GlobalSection(SolutionConfigurationPlatforms) = preSolution
		Debug|Any CPU = Debug|Any CPU
		Release|Any CPU = Release|Any CPU
	EndGlobalSection
	GlobalSection(ProjectConfigurationPlatforms) = postSolution
		{0C7D899A-5586-4C65-8C72-C0980537294A}.Debug|Any CPU.ActiveCfg = Debug|Any CPU
		{0C7D899A-5586-4C65-8C72-C0980537294A}.Debug|Any CPU.Build.0 = Debug|Any CPU
		{0C7D899A-5586-4C65-8C72-C0980537294A}.Release|Any CPU.ActiveCfg = Release|Any CPU
		{0C7D899A-5586-4C65-8C72-C0980537294A}.Release|Any CPU.Build.0 = Release|Any CPU
	EndGlobalSection
	GlobalSection(SolutionProperties) = preSolution
		HideSolutionNode = FALSE
	EndGlobalSection
	GlobalSection(ExtensibilityGlobals) = postSolution
		SolutionGuid = {6251A267-544A-4DD3-8481-82EA559BA859}
	EndGlobalSection
EndGlobal
